
Microsoft Visual Studio Solution File, Format Version 12.00
# Visual Studio Version 17
VisualStudioVersion = 17.9.34728.123
MinimumVisualStudioVersion = 10.0.40219.1
Project("{9A19103F-16F7-4668-BE54-9A1E7A4F7556}") = "API", "API\API.csproj", "{C3FEC777-6127-426A-9E1D-CC7C7C3D817A}"
EndProject
Project("{9A19103F-16F7-4668-BE54-9A1E7A4F7556}") = "Core", "Core\Core.csproj", "{1376CB74-8DF8-4BFD-96DA-BE63184AFE6F}"
EndProject
Project("{9A19103F-16F7-4668-BE54-9A1E7A4F7556}") = "Infrastructure", "Infrastructure\Infrastructure.csproj", "{67E0EDBF-3793-4EB8-B0AC-2A8C3576045D}"
EndProject
Global
	GlobalSection(SolutionConfigurationPlatforms) = preSolution
		Debug|Any CPU = Debug|Any CPU
		Release|Any CPU = Release|Any CPU
	EndGlobalSection
	GlobalSection(ProjectConfigurationPlatforms) = postSolution
		{C3FEC777-6127-426A-9E1D-CC7C7C3D817A}.Debug|Any CPU.ActiveCfg = Debug|Any CPU
		{C3FEC777-6127-426A-9E1D-CC7C7C3D817A}.Debug|Any CPU.Build.0 = Debug|Any CPU
		{C3FEC777-6127-426A-9E1D-CC7C7C3D817A}.Release|Any CPU.ActiveCfg = Release|Any CPU
		{C3FEC777-6127-426A-9E1D-CC7C7C3D817A}.Release|Any CPU.Build.0 = Release|Any CPU
		{1376CB74-8DF8-4BFD-96DA-BE63184AFE6F}.Debug|Any CPU.ActiveCfg = Debug|Any CPU
		{1376CB74-8DF8-4BFD-96DA-BE63184AFE6F}.Debug|Any CPU.Build.0 = Debug|Any CPU
		{1376CB74-8DF8-4BFD-96DA-BE63184AFE6F}.Release|Any CPU.ActiveCfg = Release|Any CPU
		{1376CB74-8DF8-4BFD-96DA-BE63184AFE6F}.Release|Any CPU.Build.0 = Release|Any CPU
		{67E0EDBF-3793-4EB8-B0AC-2A8C3576045D}.Debug|Any CPU.ActiveCfg = Debug|Any CPU
		{67E0EDBF-3793-4EB8-B0AC-2A8C3576045D}.Debug|Any CPU.Build.0 = Debug|Any CPU
		{67E0EDBF-3793-4EB8-B0AC-2A8C3576045D}.Release|Any CPU.ActiveCfg = Release|Any CPU
		{67E0EDBF-3793-4EB8-B0AC-2A8C3576045D}.Release|Any CPU.Build.0 = Release|Any CPU
	EndGlobalSection
	GlobalSection(SolutionProperties) = preSolution
		HideSolutionNode = FALSE
	EndGlobalSection
	GlobalSection(ExtensibilityGlobals) = postSolution
		SolutionGuid = {498AEB3F-E8C6-40BD-A793-FE817F575FE3}
	EndGlobalSection
EndGlobal
